
Microsoft Visual Studio Solution File, Format Version 12.00
# Visual Studio Version 16
VisualStudioVersion = 16.0.29001.49
MinimumVisualStudioVersion = 10.0.40219.1
Project("{FAE04EC0-301F-11D3-BF4B-00C04F79EFBC}") = "Herencia", "Herencia\Herencia.csproj", "{061AF3C1-CA0F-4EEC-B7DB-46C458F6A966}"
EndProject
Global
	GlobalSection(SolutionConfigurationPlatforms) = preSolution
		Debug|Any CPU = Debug|Any CPU
		Release|Any CPU = Release|Any CPU
	EndGlobalSection
	GlobalSection(ProjectConfigurationPlatforms) = postSolution
		{061AF3C1-CA0F-4EEC-B7DB-46C458F6A966}.Debug|Any CPU.ActiveCfg = Debug|Any CPU
		{061AF3C1-CA0F-4EEC-B7DB-46C458F6A966}.Debug|Any CPU.Build.0 = Debug|Any CPU
		{061AF3C1-CA0F-4EEC-B7DB-46C458F6A966}.Release|Any CPU.ActiveCfg = Release|Any CPU
		{061AF3C1-CA0F-4EEC-B7DB-46C458F6A966}.Release|Any CPU.Build.0 = Release|Any CPU
	EndGlobalSection
	GlobalSection(SolutionProperties) = preSolution
		HideSolutionNode = FALSE
	EndGlobalSection
	GlobalSection(ExtensibilityGlobals) = postSolution
		SolutionGuid = {A989BB08-5812-4536-91F6-A67AE3917AA3}
	EndGlobalSection
EndGlobal
